<?xml version="1.0" encoding="UTF-8" standalone="yes" ?>
<CodeBlocks_project_file>
	<FileVersion major="1" minor="6" />
	<Project>
		<Option title="FileManager Plugin wx3.1.x - MSys2" />
		<Option platforms="Windows;" />
		<Option compiler="msys2mingw-gcc" />
		<Build>
			<Target title="default">
				<Option output="../../../devel31_msys2/share/codeadapt/plugins/FileManager" prefix_auto="1" extension_auto="1" />
				<Option object_output="../../../.objs31_msys2/plugins/contrib/FileManager" />
				<Option type="3" />
				<Option compiler="msys2mingw-gcc" />
				<Option parameters="--debug-log --multiple-instance -na -ns -nd -p debug" />
				<Option host_application="../../../devel31_msys2/codeadapt.exe" />
				<Option run_host_application_in_terminal="0" />
				<Linker>
					<Add option="`$(WX_CONFIG) --libs std,aui`" />
					<Add library="codeadapt" />
					<Add directory="../../../devel31_msys2" />
				</Linker>
			</Target>
			<Environment>
				<Variable name="WX_CONFIG" value="wx-config --version=3.1 --prefix=$(MINGW_PREFIX)" />
			</Environment>
		</Build>
		<VirtualTargets>
			<Add alias="All" targets="default;" />
		</VirtualTargets>
		<Compiler>
			<Add option="-Wall" />
			<Add option="-std=gnu++11" />
			<Add option="-pipe" />
			<Add option="-mthreads" />
			<Add option="-fmessage-length=0" />
			<Add option="-fexceptions" />
			<Add option="`$(WX_CONFIG) --cflags`" />
			<Add option="$(#CA_RELEASE_TYPE)" />
			<Add option="$(#CA_PCH_TYPE)" />
			<Add option="-DwxUSE_UNICODE" />
			<Add option="-DBUILDING_PLUGIN" />
			<Add directory="../../../include" />
			<Add directory="../../../include/mozilla_chardet" />
			<Add directory="../../../include/mozilla_chardet/mfbt" />
			<Add directory="../../../include/mozilla_chardet/nsprpub/pr/include" />
			<Add directory="../../../include/mozilla_chardet/xpcom" />
			<Add directory="../../../include/mozilla_chardet/xpcom/base" />
			<Add directory="../../../include/mozilla_chardet/xpcom/glue" />
		</Compiler>
		<ExtraCommands>
			<Add after="zip -j9 ../../../devel31_msys2/share/codeadapt/FileManager.zip manifest.xml Resources/fileexplorersettings.xrc Resources/CommitBrowser.xrc" />
		</ExtraCommands>
		<Unit filename="CommitBrowser.cpp" />
		<Unit filename="CommitBrowser.h" />
		<Unit filename="FileExplorer.cpp" />
		<Unit filename="FileExplorer.h" />
		<Unit filename="FileExplorerSettings.cpp" />
		<Unit filename="FileExplorerSettings.h" />
		<Unit filename="FileExplorerUpdater.cpp" />
		<Unit filename="FileExplorerUpdater.h" />
		<Unit filename="FileManager.cpp" />
		<Unit filename="FileManager.h" />
		<Unit filename="Resources/CommitBrowser.xrc" />
		<Unit filename="Resources/fileexplorersettings.fbp" />
		<Unit filename="Resources/fileexplorersettings.xrc" />
		<Unit filename="directorymonitor.cpp" />
		<Unit filename="directorymonitor.h" />
		<Unit filename="manifest.xml" />
		<Unit filename="se_globals.cpp" />
		<Unit filename="se_globals.h" />
		<Extensions />
	</Project>
</CodeBlocks_project_file>
