<?xml version="1.0" encoding="UTF-8" standalone="yes" ?>
<CodeBlocks_project_file>
	<FileVersion major="1" minor="6" />
	<Project>
		<Option title="ProjectOptionsManipulator wx3.1.x - MSys2" />
		<Option pch_mode="2" />
		<Option default_target="default" />
		<Option compiler="msys2mingw-gcc" />
		<Build>
			<Target title="default">
				<Option output="../../../devel31_msys2/share/codeadapt/plugins/ProjectOptionsManipulator" prefix_auto="1" extension_auto="1" />
				<Option working_dir="../../../devel31_msys2" />
				<Option object_output="../../../.objs31_msys2/plugins/contrib/ProjectOptionsManipulator" />
				<Option type="3" />
				<Option compiler="msys2mingw-gcc" />
				<Option parameters="--debug-log --no-dde --no-check-associations --multiple-instance --no-splash-screen --verbose -p debug" />
				<Option host_application="./codeadapt.exe" />
				<Option run_host_application_in_terminal="0" />
			</Target>
			<Environment>
				<Variable name="WX_CONFIG" value="wx-config --version=3.1 --prefix=$(MINGW_PREFIX)" />
			</Environment>
		</Build>
		<VirtualTargets>
			<Add alias="All" targets="default;" />
		</VirtualTargets>
		<Compiler>
			<Add option="-Wall" />
			<Add option="-std=gnu++11" />
			<Add option="$(#CA_RELEASE_TYPE)" />
			<Add option="$(#CA_PCH_TYPE)" />
			<Add option="-Winvalid-pch" />
			<Add option='-include &quot;sdk.h&quot;' />
			<Add option="-pipe" />
			<Add option="-mthreads" />
			<Add option="-fmessage-length=0" />
			<Add option="-fexceptions" />
			<Add option="`$(WX_CONFIG) --cflags`" />
			<Add option="-DBUILDING_PLUGIN" />
			<Add option="-DwxUSE_UNICODE" />
			<Add directory="../../../include" />
		</Compiler>
		<Linker>
			<Add option="-Wl,--enable-auto-image-base" />
			<Add option="-mthreads" />
			<Add option="`$(WX_CONFIG) --libs`" />
			<Add library="codeadapt" />
			<Add directory="../../../devel31_msys2" />
		</Linker>
		<ExtraCommands>
			<Add after="zip -j9 ../../../devel31_msys2/share/codeadapt/ProjectOptionsManipulator.zip manifest.xml" />
		</ExtraCommands>
		<Unit filename="ProjectOptionsManipulator.cpp" />
		<Unit filename="ProjectOptionsManipulator.h" />
		<Unit filename="ProjectOptionsManipulatorDlg.cpp" />
		<Unit filename="ProjectOptionsManipulatorDlg.h" />
		<Unit filename="ProjectOptionsManipulatorResultDlg.cpp" />
		<Unit filename="ProjectOptionsManipulatorResultDlg.h" />
		<Unit filename="manifest.xml" />
		<Unit filename="wxsmith/ProjectOptionsManipulatorDlg.wxs" />
		<Unit filename="wxsmith/ProjectOptionsManipulatorResultDlg.wxs" />
		<Extensions>
			<wxsmith version="1">
				<gui name="wxWidgets" src="" main="" init_handlers="necessary" language="CPP" />
				<resources>
					<wxDialog wxs="wxsmith/ProjectOptionsManipulatorDlg.wxs" src="ProjectOptionsManipulatorDlg.cpp" hdr="ProjectOptionsManipulatorDlg.h" fwddecl="1" i18n="1" name="ProjectOptionsManipulatorDlg" language="CPP" />
					<wxDialog wxs="wxsmith/ProjectOptionsManipulatorResultDlg.wxs" src="ProjectOptionsManipulatorResultDlg.cpp" hdr="ProjectOptionsManipulatorResultDlg.h" fwddecl="1" i18n="1" name="ProjectOptionsManipulatorResultDlg" language="CPP" />
				</resources>
			</wxsmith>
		</Extensions>
	</Project>
</CodeBlocks_project_file>
