<?xml version="1.0" encoding="UTF-8" standalone="yes" ?>
<CodeBlocks_project_file>
	<FileVersion major="1" minor="6" />
	<Project>
		<Option title="HeaderFixup wx3.1.x - MSys2" />
		<Option pch_mode="2" />
		<Option compiler="msys2mingw-gcc" />
		<Build>
			<Target title="default">
				<Option output="../../../devel31_msys2/share/codeadapt/plugins/headerfixup" prefix_auto="1" extension_auto="1" />
				<Option object_output="../../../.objs31_msys2/plugins/contrib/headerfixup" />
				<Option type="3" />
				<Option compiler="msys2mingw-gcc" />
				<Option parameters="--debug-log --multiple-instance -na -ns -nd -p debug" />
				<Option host_application="../../../devel31_msys2/codeadapt.exe" />
				<Option run_host_application_in_terminal="0" />
				<Option projectLinkerOptionsRelation="0" />
				<Compiler>
					<Add option="$(#CA_RELEASE_TYPE)" />
					<Add option="$(#CA_PCH_TYPE)" />
					<Add option="-pipe" />
					<Add option="-mthreads" />
					<Add option="-fmessage-length=0" />
					<Add option="-fexceptions" />
					<Add option="`$(WX_CONFIG) --cflags`" />
					<Add option="-DBUILDING_PLUGIN" />
					<Add option="-DwxUSE_UNICODE" />
					<Add directory="../../../include" />
				</Compiler>
				<Linker>
					<Add directory="../../../devel31_msys2" />
				</Linker>
				<ExtraCommands>
					<Add after="zip -j9 ../../../devel31_msys2/share/codeadapt/headerfixup.zip manifest.xml" />
					<Mode after="always" />
				</ExtraCommands>
			</Target>
			<Environment>
				<Variable name="WX_CONFIG" value="wx-config --version=3.1 --prefix=$(MINGW_PREFIX)" />
			</Environment>
		</Build>
		<VirtualTargets>
			<Add alias="All" targets="default;" />
		</VirtualTargets>
		<Compiler>
			<Add option="-std=gnu++11" />
		</Compiler>
		<Linker>
			<Add option="-mthreads" />
			<Add option="`$(WX_CONFIG) --libs`" />
			<Add library="codeadapt" />
		</Linker>
		<Unit filename="bindings.cpp" />
		<Unit filename="bindings.h" />
		<Unit filename="configuration.cpp" />
		<Unit filename="configuration.h" />
		<Unit filename="defaults.cpp" />
		<Unit filename="execution.cpp" />
		<Unit filename="execution.h" />
		<Unit filename="fileanalysis.cpp" />
		<Unit filename="fileanalysis.h" />
		<Unit filename="headerfixup.cpp" />
		<Unit filename="headerfixup.h" />
		<Unit filename="helper.cpp" />
		<Unit filename="helper.h" />
		<Unit filename="manifest.xml" />
		<Unit filename="protocol.cpp" />
		<Unit filename="protocol.h" />
		<Unit filename="todo.txt" />
		<Unit filename="wxsmith/configuration.wxs" />
		<Unit filename="wxsmith/execution.wxs" />
		<Unit filename="wxsmith/protocol.wxs" />
		<Extensions>
			<SVNInside Login="" Password="" ConnectStatus="1" NeedsPassword="0" />
			<wxsmith version="1">
				<gui name="wxWidgets" src="" main="" init_handlers="necessary" language="CPP" />
				<resources>
					<wxPanel wxs="wxsmith/configuration.wxs" src="configuration.cpp" hdr="configuration.h" fwddecl="1" i18n="1" name="Configuration" language="CPP" />
					<wxScrollingDialog wxs="wxsmith/execution.wxs" src="execution.cpp" hdr="execution.h" fwddecl="1" i18n="1" name="Execution" language="CPP" />
					<wxScrollingDialog wxs="wxsmith/protocol.wxs" src="protocol.cpp" hdr="protocol.h" fwddecl="1" i18n="1" name="Protocol" language="CPP" />
				</resources>
			</wxsmith>
		</Extensions>
	</Project>
</CodeBlocks_project_file>
