<?xml version="1.0" encoding="UTF-8" standalone="yes" ?>
<CodeBlocks_project_file>
	<FileVersion major="1" minor="6" />
	<Project>
		<Option title="SymTab wx3.1.x - MSys2" />
		<Option pch_mode="0" />
		<Option default_target="default" />
		<Option compiler="msys2mingw-gcc" />
		<Build>
			<Target title="default">
				<Option output="../../../devel31_msys2/share/codeadapt/plugins/SymTab.dll" prefix_auto="0" extension_auto="0" />
				<Option object_output="../../../.objs31_msys2/plugins/contrib/symtab" />
				<Option type="3" />
				<Option compiler="msys2mingw-gcc" />
				<Option parameters="--debug-log --multiple-instance -na -ns -nd -p debug" />
				<Option host_application="../../../devel31_msys2/codeadapt.exe" />
				<Option run_host_application_in_terminal="0" />
				<Compiler>
					<Add option="-Wall" />
				</Compiler>
			</Target>
			<Environment>
				<Variable name="WX_CONFIG" value="wx-config --version=3.1 --prefix=$(MINGW_PREFIX)" />
			</Environment>
		</Build>
		<VirtualTargets>
			<Add alias="All" targets="default;" />
		</VirtualTargets>
		<Compiler>
			<Add option="-Wall" />
			<Add option="-std=gnu++11" />
			<Add option="$(#CA_RELEASE_TYPE)" />
			<Add option="$(#CA_PCH_TYPE)" />
			<Add option="-mthreads" />
			<Add option="-fexceptions" />
			<Add option="-fpermissive" />
			<Add option="`$(WX_CONFIG) --cflags`" />
			<Add option="-DBUILDING_PLUGIN" />
			<Add option="-DwxUSE_UNICODE" />
			<Add directory="../../../include" />
		</Compiler>
		<Linker>
			<Add option="-mthreads" />
			<Add option="`$(WX_CONFIG) --libs`" />
			<Add library="codeadapt" />
			<Add directory="../../../devel31_msys2" />
		</Linker>
		<ExtraCommands>
			<Add after="zip -j9 ../../../devel31_msys2/share/codeadapt/SymTab.zip resources/manifest.xml resources/*.xrc" />
			<Mode after="always" />
		</ExtraCommands>
		<Unit filename="resources/config_dialog.xrc" />
		<Unit filename="resources/exec_dialog.xrc" />
		<Unit filename="resources/manifest.xml" />
		<Unit filename="symtab.cpp" />
		<Unit filename="symtab.h" />
		<Unit filename="symtabconfig.cpp" />
		<Unit filename="symtabconfig.h" />
		<Unit filename="symtabexec.cpp" />
		<Unit filename="symtabexec.h" />
		<Extensions />
	</Project>
</CodeBlocks_project_file>
